
Microsoft Visual Studio Solution File, Format Version 12.00
# Visual Studio Version 16
VisualStudioVersion = 16.0.29215.179
MinimumVisualStudioVersion = 10.0.40219.1
Project("{FAE04EC0-301F-11D3-BF4B-00C04F79EFBC}") = "Goro.Api", "Goro.Api\Goro.Api.csproj", "{130DC3F7-42BE-4808-B359-65BA8908ADE7}"
EndProject
Global
	GlobalSection(SolutionConfigurationPlatforms) = preSolution
		Debug|Any CPU = Debug|Any CPU
		Release|Any CPU = Release|Any CPU
	EndGlobalSection
	GlobalSection(ProjectConfigurationPlatforms) = postSolution
		{130DC3F7-42BE-4808-B359-65BA8908ADE7}.Debug|Any CPU.ActiveCfg = Debug|Any CPU
		{130DC3F7-42BE-4808-B359-65BA8908ADE7}.Debug|Any CPU.Build.0 = Debug|Any CPU
		{130DC3F7-42BE-4808-B359-65BA8908ADE7}.Release|Any CPU.ActiveCfg = Release|Any CPU
		{130DC3F7-42BE-4808-B359-65BA8908ADE7}.Release|Any CPU.Build.0 = Release|Any CPU
	EndGlobalSection
	GlobalSection(SolutionProperties) = preSolution
		HideSolutionNode = FALSE
	EndGlobalSection
	GlobalSection(ExtensibilityGlobals) = postSolution
		SolutionGuid = {D52B14F5-3173-4F72-8A30-A9AF0D0926BA}
	EndGlobalSection
EndGlobal
